
Microsoft Visual Studio Solution File, Format Version 12.00
# Visual Studio Version 17
VisualStudioVersion = 17.3.32804.467
MinimumVisualStudioVersion = 10.0.40219.1
Project("{FAE04EC0-301F-11D3-BF4B-00C04F79EFBC}") = "MQTTPublisher", "MQTTPublisher\MQTTPublisher.csproj", "{4334DB6C-5DEF-459A-8B4C-1893C26B7C32}"
EndProject
Project("{FAE04EC0-301F-11D3-BF4B-00C04F79EFBC}") = "MQTTSubscriber", "MQTTSubscriber\MQTTSubscriber.csproj", "{88374A70-2670-4549-A54C-7C8772CC1612}"
EndProject
Global
	GlobalSection(SolutionConfigurationPlatforms) = preSolution
		Debug|Any CPU = Debug|Any CPU
		Release|Any CPU = Release|Any CPU
	EndGlobalSection
	GlobalSection(ProjectConfigurationPlatforms) = postSolution
		{4334DB6C-5DEF-459A-8B4C-1893C26B7C32}.Debug|Any CPU.ActiveCfg = Debug|Any CPU
		{4334DB6C-5DEF-459A-8B4C-1893C26B7C32}.Debug|Any CPU.Build.0 = Debug|Any CPU
		{4334DB6C-5DEF-459A-8B4C-1893C26B7C32}.Release|Any CPU.ActiveCfg = Release|Any CPU
		{4334DB6C-5DEF-459A-8B4C-1893C26B7C32}.Release|Any CPU.Build.0 = Release|Any CPU
		{88374A70-2670-4549-A54C-7C8772CC1612}.Debug|Any CPU.ActiveCfg = Debug|Any CPU
		{88374A70-2670-4549-A54C-7C8772CC1612}.Debug|Any CPU.Build.0 = Debug|Any CPU
		{88374A70-2670-4549-A54C-7C8772CC1612}.Release|Any CPU.ActiveCfg = Release|Any CPU
		{88374A70-2670-4549-A54C-7C8772CC1612}.Release|Any CPU.Build.0 = Release|Any CPU
	EndGlobalSection
	GlobalSection(SolutionProperties) = preSolution
		HideSolutionNode = FALSE
	EndGlobalSection
	GlobalSection(ExtensibilityGlobals) = postSolution
		SolutionGuid = {DD8893B3-B825-4C0E-814A-3B6D2E48F88C}
	EndGlobalSection
EndGlobal
